
Microsoft Visual Studio Solution File, Format Version 12.00
# Visual Studio Version 17
VisualStudioVersion = 17.5.002.0
MinimumVisualStudioVersion = 10.0.40219.1
Project("{9A19103F-16F7-4668-BE54-9A1E7A4F7556}") = "az204-auth", "az204-auth.csproj", "{058E85C8-8BA7-48CA-AA47-B6BFCB17166C}"
EndProject
Global
	GlobalSection(SolutionConfigurationPlatforms) = preSolution
		Debug|Any CPU = Debug|Any CPU
		Release|Any CPU = Release|Any CPU
	EndGlobalSection
	GlobalSection(ProjectConfigurationPlatforms) = postSolution
		{058E85C8-8BA7-48CA-AA47-B6BFCB17166C}.Debug|Any CPU.ActiveCfg = Debug|Any CPU
		{058E85C8-8BA7-48CA-AA47-B6BFCB17166C}.Debug|Any CPU.Build.0 = Debug|Any CPU
		{058E85C8-8BA7-48CA-AA47-B6BFCB17166C}.Release|Any CPU.ActiveCfg = Release|Any CPU
		{058E85C8-8BA7-48CA-AA47-B6BFCB17166C}.Release|Any CPU.Build.0 = Release|Any CPU
	EndGlobalSection
	GlobalSection(SolutionProperties) = preSolution
		HideSolutionNode = FALSE
	EndGlobalSection
	GlobalSection(ExtensibilityGlobals) = postSolution
		SolutionGuid = {AFFC788E-49AF-4920-A99B-824CC1744C23}
	EndGlobalSection
EndGlobal
