
Microsoft Visual Studio Solution File, Format Version 12.00
# Visual Studio Version 17
VisualStudioVersion = 17.0.31903.59
MinimumVisualStudioVersion = 10.0.40219.1
Project("{FAE04EC0-301F-11D3-BF4B-00C04F79EFBC}") = "HelloCS", "HelloCS\HelloCS.csproj", "{BF37DC81-FF88-48A5-B99E-D4D039170F34}"
EndProject
Project("{FAE04EC0-301F-11D3-BF4B-00C04F79EFBC}") = "AboutMyEnvironment", "AboutMyEnvironment\AboutMyEnvironment.csproj", "{380F2EA0-0CA2-4422-BC63-9C44976E7D92}"
EndProject
Global
	GlobalSection(SolutionConfigurationPlatforms) = preSolution
		Debug|Any CPU = Debug|Any CPU
		Release|Any CPU = Release|Any CPU
	EndGlobalSection
	GlobalSection(SolutionProperties) = preSolution
		HideSolutionNode = FALSE
	EndGlobalSection
	GlobalSection(ProjectConfigurationPlatforms) = postSolution
		{BF37DC81-FF88-48A5-B99E-D4D039170F34}.Debug|Any CPU.ActiveCfg = Debug|Any CPU
		{BF37DC81-FF88-48A5-B99E-D4D039170F34}.Debug|Any CPU.Build.0 = Debug|Any CPU
		{BF37DC81-FF88-48A5-B99E-D4D039170F34}.Release|Any CPU.ActiveCfg = Release|Any CPU
		{BF37DC81-FF88-48A5-B99E-D4D039170F34}.Release|Any CPU.Build.0 = Release|Any CPU
		{380F2EA0-0CA2-4422-BC63-9C44976E7D92}.Debug|Any CPU.ActiveCfg = Debug|Any CPU
		{380F2EA0-0CA2-4422-BC63-9C44976E7D92}.Debug|Any CPU.Build.0 = Debug|Any CPU
		{380F2EA0-0CA2-4422-BC63-9C44976E7D92}.Release|Any CPU.ActiveCfg = Release|Any CPU
		{380F2EA0-0CA2-4422-BC63-9C44976E7D92}.Release|Any CPU.Build.0 = Release|Any CPU
	EndGlobalSection
EndGlobal
