
Microsoft Visual Studio Solution File, Format Version 12.00
# Visual Studio Version 17
VisualStudioVersion = 17.5.002.0
MinimumVisualStudioVersion = 10.0.40219.1
Project("{9A19103F-16F7-4668-BE54-9A1E7A4F7556}") = "TestProject", "TestProject\TestProject.csproj", "{A9B75986-AD8B-4238-AC72-E6AA50F4AFD4}"
EndProject
Project("{FAE04EC0-301F-11D3-BF4B-00C04F79EFBC}") = "DiceGame", "DiceGame\DiceGame.csproj", "{40163095-E5C6-468A-804F-917C05F16172}"
EndProject
Project("{FAE04EC0-301F-11D3-BF4B-00C04F79EFBC}") = "RenewalRate", "RenewalRate\RenewalRate.csproj", "{16AC6054-9DB7-4039-9016-E08A95F2172B}"
EndProject
Global
	GlobalSection(SolutionConfigurationPlatforms) = preSolution
		Debug|Any CPU = Debug|Any CPU
		Release|Any CPU = Release|Any CPU
	EndGlobalSection
	GlobalSection(ProjectConfigurationPlatforms) = postSolution
		{A9B75986-AD8B-4238-AC72-E6AA50F4AFD4}.Debug|Any CPU.ActiveCfg = Debug|Any CPU
		{A9B75986-AD8B-4238-AC72-E6AA50F4AFD4}.Debug|Any CPU.Build.0 = Debug|Any CPU
		{A9B75986-AD8B-4238-AC72-E6AA50F4AFD4}.Release|Any CPU.ActiveCfg = Release|Any CPU
		{A9B75986-AD8B-4238-AC72-E6AA50F4AFD4}.Release|Any CPU.Build.0 = Release|Any CPU
		{40163095-E5C6-468A-804F-917C05F16172}.Debug|Any CPU.ActiveCfg = Debug|Any CPU
		{40163095-E5C6-468A-804F-917C05F16172}.Debug|Any CPU.Build.0 = Debug|Any CPU
		{40163095-E5C6-468A-804F-917C05F16172}.Release|Any CPU.ActiveCfg = Release|Any CPU
		{40163095-E5C6-468A-804F-917C05F16172}.Release|Any CPU.Build.0 = Release|Any CPU
		{16AC6054-9DB7-4039-9016-E08A95F2172B}.Debug|Any CPU.ActiveCfg = Debug|Any CPU
		{16AC6054-9DB7-4039-9016-E08A95F2172B}.Debug|Any CPU.Build.0 = Debug|Any CPU
		{16AC6054-9DB7-4039-9016-E08A95F2172B}.Release|Any CPU.ActiveCfg = Release|Any CPU
		{16AC6054-9DB7-4039-9016-E08A95F2172B}.Release|Any CPU.Build.0 = Release|Any CPU
	EndGlobalSection
	GlobalSection(SolutionProperties) = preSolution
		HideSolutionNode = FALSE
	EndGlobalSection
	GlobalSection(ExtensibilityGlobals) = postSolution
		SolutionGuid = {CDCCAFC5-69B5-4B71-AD6A-F7960D402D4D}
	EndGlobalSection
EndGlobal
